
Microsoft Visual Studio Solution File, Format Version 12.00
# Visual Studio Version 16
VisualStudioVersion = 16.0.29519.87
MinimumVisualStudioVersion = 10.0.40219.1
Project("{888888A0-9F3D-457C-B088-3A5042F75D52}") = "testGit", "testGit\testGit.pyproj", "{E0A26112-938D-41A4-AB9A-730AB5D41181}"
EndProject
Global
	GlobalSection(SolutionConfigurationPlatforms) = preSolution
		Debug|Any CPU = Debug|Any CPU
		Release|Any CPU = Release|Any CPU
	EndGlobalSection
	GlobalSection(ProjectConfigurationPlatforms) = postSolution
		{E0A26112-938D-41A4-AB9A-730AB5D41181}.Debug|Any CPU.ActiveCfg = Debug|Any CPU
		{E0A26112-938D-41A4-AB9A-730AB5D41181}.Release|Any CPU.ActiveCfg = Release|Any CPU
	EndGlobalSection
	GlobalSection(SolutionProperties) = preSolution
		HideSolutionNode = FALSE
	EndGlobalSection
	GlobalSection(ExtensibilityGlobals) = postSolution
		SolutionGuid = {FC883D72-1DE2-4847-9773-531247C15844}
	EndGlobalSection
EndGlobal
